
Microsoft Visual Studio Solution File, Format Version 12.00
# Visual Studio Version 17
VisualStudioVersion = 17.1.32328.378
MinimumVisualStudioVersion = 10.0.40219.1
Project("{9A19103F-16F7-4668-BE54-9A1E7A4F7556}") = "ProvaConceitoTimeIAGRO", "ProvaConceitoTimeIAGRO.csproj", "{45BFFBDA-C166-49EE-8A7C-F9146242C21B}"
EndProject
Project("{FAE04EC0-301F-11D3-BF4B-00C04F79EFBC}") = "ProvaConceitoTimeIAGRO.Test", "..\ProvaConceitoTimeIAGRO.Test\ProvaConceitoTimeIAGRO.Test.csproj", "{DF23BDB0-3D06-4F2D-90BF-B2AA17848483}"
EndProject
Global
	GlobalSection(SolutionConfigurationPlatforms) = preSolution
		Debug|Any CPU = Debug|Any CPU
		Release|Any CPU = Release|Any CPU
	EndGlobalSection
	GlobalSection(ProjectConfigurationPlatforms) = postSolution
		{45BFFBDA-C166-49EE-8A7C-F9146242C21B}.Debug|Any CPU.ActiveCfg = Debug|Any CPU
		{45BFFBDA-C166-49EE-8A7C-F9146242C21B}.Debug|Any CPU.Build.0 = Debug|Any CPU
		{45BFFBDA-C166-49EE-8A7C-F9146242C21B}.Release|Any CPU.ActiveCfg = Release|Any CPU
		{45BFFBDA-C166-49EE-8A7C-F9146242C21B}.Release|Any CPU.Build.0 = Release|Any CPU
		{DF23BDB0-3D06-4F2D-90BF-B2AA17848483}.Debug|Any CPU.ActiveCfg = Debug|Any CPU
		{DF23BDB0-3D06-4F2D-90BF-B2AA17848483}.Debug|Any CPU.Build.0 = Debug|Any CPU
		{DF23BDB0-3D06-4F2D-90BF-B2AA17848483}.Release|Any CPU.ActiveCfg = Release|Any CPU
		{DF23BDB0-3D06-4F2D-90BF-B2AA17848483}.Release|Any CPU.Build.0 = Release|Any CPU
	EndGlobalSection
	GlobalSection(SolutionProperties) = preSolution
		HideSolutionNode = FALSE
	EndGlobalSection
	GlobalSection(ExtensibilityGlobals) = postSolution
		SolutionGuid = {1419977F-DA81-49F4-B998-CE69AECC375F}
	EndGlobalSection
EndGlobal
